// !$*UTF8*$!
{
	archiveVersion = 1;
	classes = {
	};
	objectVersion = 46;
	objects = {

/* Begin PBXBuildFile section */
		BD365FB61F751FDD007F44B4 /* trainCapView.h in Headers */ = {isa = PBXBuildFile; fileRef = BD365FB51F751FDD007F44B4 /* trainCapView.h */; };
		BD365FB81F751FDD007F44B4 /* trainCapView.m in Sources */ = {isa = PBXBuildFile; fileRef = BD365FB71F751FDD007F44B4 /* trainCapView.m */; };
/* End PBXBuildFile section */

/* Begin PBXFileReference section */
		BD365FB21F751FDD007F44B4 /* trainCap.saver */ = {isa = PBXFileReference; explicitFileType = wrapper.cfbundle; includeInIndex = 0; path = trainCap.saver; sourceTree = BUILT_PRODUCTS_DIR; };
		BD365FB51F751FDD007F44B4 /* trainCapView.h */ = {isa = PBXFileReference; lastKnownFileType = sourcecode.c.h; path = trainCapView.h; sourceTree = "<group>"; };
		BD365FB71F751FDD007F44B4 /* trainCapView.m */ = {isa = PBXFileReference; lastKnownFileType = sourcecode.c.objc; path = trainCapView.m; sourceTree = "<group>"; };
		BD365FB91F751FDD007F44B4 /* Info.plist */ = {isa = PBXFileReference; lastKnownFileType = text.plist.xml; path = Info.plist; sourceTree = "<group>"; };
/* End PBXFileReference section */

/* Begin PBXFrameworksBuildPhase section */
		BD365FAE1F751FDD007F44B4 /* Frameworks */ = {
			isa = PBXFrameworksBuildPhase;
			buildActionMask = 2147483647;
			files = (
			);
			runOnlyForDeploymentPostprocessing = 0;
		};
/* End PBXFrameworksBuildPhase section */

/* Begin PBXGroup section */
		BD365FA81F751FDD007F44B4 = {
			isa = PBXGroup;
			children = (
				BD365FB41F751FDD007F44B4 /* trainCap */,
				BD365FB31F751FDD007F44B4 /* Products */,
			);
			sourceTree = "<group>";
		};
		BD365FB31F751FDD007F44B4 /* Products */ = {
			isa = PBXGroup;
			children = (
				BD365FB21F751FDD007F44B4 /* trainCap.saver */,
			);
			name = Products;
			sourceTree = "<group>";
		};
		BD365FB41F751FDD007F44B4 /* trainCap */ = {
			isa = PBXGroup;
			children = (
				BD365FB51F751FDD007F44B4 /* trainCapView.h */,
				BD365FB71F751FDD007F44B4 /* trainCapView.m */,
				BD365FB91F751FDD007F44B4 /* Info.plist */,
			);
			path = trainCap;
			sourceTree = "<group>";
		};
/* End PBXGroup section */

/* Begin PBXHeadersBuildPhase section */
		BD365FAF1F751FDD007F44B4 /* Headers */ = {
			isa = PBXHeadersBuildPhase;
			buildActionMask = 2147483647;
			files = (
				BD365FB61F751FDD007F44B4 /* trainCapView.h in Headers */,
			);
			runOnlyForDeploymentPostprocessing = 0;
		};
/* End PBXHeadersBuildPhase section */

/* Begin PBXNativeTarget section */
		BD365FB11F751FDD007F44B4 /* trainCap */ = {
			isa = PBXNativeTarget;
			buildConfigurationList = BD365FBC1F751FDD007F44B4 /* Build configuration list for PBXNativeTarget "trainCap" */;
			buildPhases = (
				BD365FAD1F751FDD007F44B4 /* Sources */,
				BD365FAE1F751FDD007F44B4 /* Frameworks */,
				BD365FAF1F751FDD007F44B4 /* Headers */,
				BD365FB01F751FDD007F44B4 /* Resources */,
			);
			buildRules = (
			);
			dependencies = (
			);
			name = trainCap;
			productName = trainCap;
			productReference = BD365FB21F751FDD007F44B4 /* trainCap.saver */;
			productType = "com.apple.product-type.bundle";
		};
/* End PBXNativeTarget section */

/* Begin PBXProject section */
		BD365FA91F751FDD007F44B4 /* Project object */ = {
			isa = PBXProject;
			attributes = {
				LastUpgradeCheck = 0830;
				ORGANIZATIONNAME = caozheng;
				TargetAttributes = {
					BD365FB11F751FDD007F44B4 = {
						CreatedOnToolsVersion = 8.3.3;
						ProvisioningStyle = Automatic;
					};
				};
			};
			buildConfigurationList = BD365FAC1F751FDD007F44B4 /* Build configuration list for PBXProject "trainCap" */;
			compatibilityVersion = "Xcode 3.2";
			developmentRegion = English;
			hasScannedForEncodings = 0;
			knownRegions = (
				en,
			);
			mainGroup = BD365FA81F751FDD007F44B4;
			productRefGroup = BD365FB31F751FDD007F44B4 /* Products */;
			projectDirPath = "";
			projectRoot = "";
			targets = (
				BD365FB11F751FDD007F44B4 /* trainCap */,
			);
		};
/* End PBXProject section */

/* Begin PBXResourcesBuildPhase section */
		BD365FB01F751FDD007F44B4 /* Resources */ = {
			isa = PBXResourcesBuildPhase;
			buildActionMask = 2147483647;
			files = (
			);
			runOnlyForDeploymentPostprocessing = 0;
		};
/* End PBXResourcesBuildPhase section */

/* Begin PBXSourcesBuildPhase section */
		BD365FAD1F751FDD007F44B4 /* Sources */ = {
			isa = PBXSourcesBuildPhase;
			buildActionMask = 2147483647;
			files = (
				BD365FB81F751FDD007F44B4 /* trainCapView.m in Sources */,
			);
			runOnlyForDeploymentPostprocessing = 0;
		};
/* End PBXSourcesBuildPhase section */

/* Begin XCBuildConfiguration section */
		BD365FBA1F751FDD007F44B4 /* Debug */ = {
			isa = XCBuildConfiguration;
			buildSettings = {
				ALWAYS_SEARCH_USER_PATHS = NO;
				CLANG_ANALYZER_NONNULL = YES;
				CLANG_ANALYZER_NUMBER_OBJECT_CONVERSION = YES_AGGRESSIVE;
				CLANG_CXX_LANGUAGE_STANDARD = "gnu++0x";
				CLANG_CXX_LIBRARY = "libc++";
				CLANG_ENABLE_MODULES = YES;
				CLANG_ENABLE_OBJC_ARC = YES;
				CLANG_WARN_BOOL_CONVERSION = YES;
				CLANG_WARN_CONSTANT_CONVERSION = YES;
				CLANG_WARN_DIRECT_OBJC_ISA_USAGE = YES_ERROR;
				CLANG_WARN_DOCUMENTATION_COMMENTS = YES;
				CLANG_WARN_EMPTY_BODY = YES;
				CLANG_WARN_ENUM_CONVERSION = YES;
				CLANG_WARN_INFINITE_RECURSION = YES;
				CLANG_WARN_INT_CONVERSION = YES;
				CLANG_WARN_OBJC_ROOT_CLASS = YES_ERROR;
				CLANG_WARN_SUSPICIOUS_MOVE = YES;
				CLANG_WARN_UNREACHABLE_CODE = YES;
				CLANG_WARN__DUPLICATE_METHOD_MATCH = YES;
				CODE_SIGN_IDENTITY = "-";
				COPY_PHASE_STRIP = NO;
				DEBUG_INFORMATION_FORMAT = dwarf;
				ENABLE_STRICT_OBJC_MSGSEND = YES;
				ENABLE_TESTABILITY = YES;
				GCC_C_LANGUAGE_STANDARD = gnu99;
				GCC_DYNAMIC_NO_PIC = NO;
				GCC_NO_COMMON_BLOCKS = YES;
				GCC_OPTIMIZATION_LEVEL = 0;
				GCC_PREPROCESSOR_DEFINITIONS = (
					"DEBUG=1",
					"$(inherited)",
				);
				GCC_WARN_64_TO_32_BIT_CONVERSION = YES;
				GCC_WARN_ABOUT_RETURN_TYPE = YES_ERROR;
				GCC_WARN_UNDECLARED_SELECTOR = YES;
				GCC_WARN_UNINITIALIZED_AUTOS = YES_AGGRESSIVE;
				GCC_WARN_UNUSED_FUNCTION = YES;
				GCC_WARN_UNUSED_VARIABLE = YES;
				MACOSX_DEPLOYMENT_TARGET = 10.12;
				MTL_ENABLE_DEBUG_INFO = YES;
				ONLY_ACTIVE_ARCH = YES;
				SDKROOT = macosx;
			};
			name = Debug;
		};
		BD365FBB1F751FDD007F44B4 /* Release */ = {
			isa = XCBuildConfiguration;
			buildSettings = {
				ALWAYS_SEARCH_USER_PATHS = NO;
				CLANG_ANALYZER_NONNULL = YES;
				CLANG_ANALYZER_NUMBER_OBJECT_CONVERSION = YES_AGGRESSIVE;
				CLANG_CXX_LANGUAGE_STANDARD = "gnu++0x";
				CLANG_CXX_LIBRARY = "libc++";
				CLANG_ENABLE_MODULES = YES;
				CLANG_ENABLE_OBJC_ARC = YES;
				CLANG_WARN_BOOL_CONVERSION = YES;
				CLANG_WARN_CONSTANT_CONVERSION = YES;
				CLANG_WARN_DIRECT_OBJC_ISA_USAGE = YES_ERROR;
				CLANG_WARN_DOCUMENTATION_COMMENTS = YES;
				CLANG_WARN_EMPTY_BODY = YES;
				CLANG_WARN_ENUM_CONVERSION = YES;
				CLANG_WARN_INFINITE_RECURSION = YES;
				CLANG_WARN_INT_CONVERSION = YES;
				CLANG_WARN_OBJC_ROOT_CLASS = YES_ERROR;
				CLANG_WARN_SUSPICIOUS_MOVE = YES;
				CLANG_WARN_UNREACHABLE_CODE = YES;
				CLANG_WARN__DUPLICATE_METHOD_MATCH = YES;
				CODE_SIGN_IDENTITY = "-";
				COPY_PHASE_STRIP = NO;
				DEBUG_INFORMATION_FORMAT = "dwarf-with-dsym";
				ENABLE_NS_ASSERTIONS = NO;
				ENABLE_STRICT_OBJC_MSGSEND = YES;
				GCC_C_LANGUAGE_STANDARD = gnu99;
				GCC_NO_COMMON_BLOCKS = YES;
				GCC_WARN_64_TO_32_BIT_CONVERSION = YES;
				GCC_WARN_ABOUT_RETURN_TYPE = YES_ERROR;
				GCC_WARN_UNDECLARED_SELECTOR = YES;
				GCC_WARN_UNINITIALIZED_AUTOS = YES_AGGRESSIVE;
				GCC_WARN_UNUSED_FUNCTION = YES;
				GCC_WARN_UNUSED_VARIABLE = YES;
				MACOSX_DEPLOYMENT_TARGET = 10.12;
				MTL_ENABLE_DEBUG_INFO = NO;
				SDKROOT = macosx;
			};
			name = Release;
		};
		BD365FBD1F751FDD007F44B4 /* Debug */ = {
			isa = XCBuildConfiguration;
			buildSettings = {
				COMBINE_HIDPI_IMAGES = YES;
				INFOPLIST_FILE = trainCap/Info.plist;
				INSTALL_PATH = "$(HOME)/Library/Screen Savers";
				PRODUCT_BUNDLE_IDENTIFIER = com.caozheng.trainCap;
				PRODUCT_NAME = "$(TARGET_NAME)";
				WRAPPER_EXTENSION = saver;
			};
			name = Debug;
		};
		BD365FBE1F751FDD007F44B4 /* Release */ = {
			isa = XCBuildConfiguration;
			buildSettings = {
				COMBINE_HIDPI_IMAGES = YES;
				INFOPLIST_FILE = trainCap/Info.plist;
				INSTALL_PATH = "$(HOME)/Library/Screen Savers";
				PRODUCT_BUNDLE_IDENTIFIER = com.caozheng.trainCap;
				PRODUCT_NAME = "$(TARGET_NAME)";
				WRAPPER_EXTENSION = saver;
			};
			name = Release;
		};
/* End XCBuildConfiguration section */

/* Begin XCConfigurationList section */
		BD365FAC1F751FDD007F44B4 /* Build configuration list for PBXProject "trainCap" */ = {
			isa = XCConfigurationList;
			buildConfigurations = (
				BD365FBA1F751FDD007F44B4 /* Debug */,
				BD365FBB1F751FDD007F44B4 /* Release */,
			);
			defaultConfigurationIsVisible = 0;
			defaultConfigurationName = Release;
		};
		BD365FBC1F751FDD007F44B4 /* Build configuration list for PBXNativeTarget "trainCap" */ = {
			isa = XCConfigurationList;
			buildConfigurations = (
				BD365FBD1F751FDD007F44B4 /* Debug */,
				BD365FBE1F751FDD007F44B4 /* Release */,
			);
			defaultConfigurationIsVisible = 0;
		};
/* End XCConfigurationList section */
	};
	rootObject = BD365FA91F751FDD007F44B4 /* Project object */;
}
